
Microsoft Visual Studio Solution File, Format Version 12.00
# Visual Studio Version 17
VisualStudioVersion = 17.11.35222.181
MinimumVisualStudioVersion = 10.0.40219.1
Project("{FAE04EC0-301F-11D3-BF4B-00C04F79EFBC}") = "AppThreatHuntAPI", "AppThreatHuntAPI\AppThreatHuntAPI.csproj", "{44B58C06-E286-44AF-802E-2B30CDB2B4A9}"
EndProject
Global
	GlobalSection(SolutionConfigurationPlatforms) = preSolution
		Debug|Any CPU = Debug|Any CPU
		Release|Any CPU = Release|Any CPU
	EndGlobalSection
	GlobalSection(ProjectConfigurationPlatforms) = postSolution
		{44B58C06-E286-44AF-802E-2B30CDB2B4A9}.Debug|Any CPU.ActiveCfg = Debug|Any CPU
		{44B58C06-E286-44AF-802E-2B30CDB2B4A9}.Debug|Any CPU.Build.0 = Debug|Any CPU
		{44B58C06-E286-44AF-802E-2B30CDB2B4A9}.Release|Any CPU.ActiveCfg = Release|Any CPU
		{44B58C06-E286-44AF-802E-2B30CDB2B4A9}.Release|Any CPU.Build.0 = Release|Any CPU
	EndGlobalSection
	GlobalSection(SolutionProperties) = preSolution
		HideSolutionNode = FALSE
	EndGlobalSection
	GlobalSection(ExtensibilityGlobals) = postSolution
		SolutionGuid = {9CDCD817-3A97-4F9D-9080-B4B3CD909FA8}
	EndGlobalSection
EndGlobal
